// !$*UTF8*$!
{
	archiveVersion = 1;
	classes = {
	};
	objectVersion = 51;
	objects = {

/* Begin PBXBuildFile section */
		C25FF9EA851A7763AC1D14E2 /* Pods_Uber_Clone.framework in Frameworks */ = {isa = PBXBuildFile; fileRef = 153F4860C582122AC049E1E2 /* Pods_Uber_Clone.framework */; };
		D3ECFA46270A4AE1005B800F /* AppDelegate.swift in Sources */ = {isa = PBXBuildFile; fileRef = D3ECFA45270A4AE1005B800F /* AppDelegate.swift */; };
		D3ECFA48270A4AE1005B800F /* SceneDelegate.swift in Sources */ = {isa = PBXBuildFile; fileRef = D3ECFA47270A4AE1005B800F /* SceneDelegate.swift */; };
		D3ECFA4A270A4AE1005B800F /* ViewController.swift in Sources */ = {isa = PBXBuildFile; fileRef = D3ECFA49270A4AE1005B800F /* ViewController.swift */; };
		D3ECFA4D270A4AE1005B800F /* Main.storyboard in Resources */ = {isa = PBXBuildFile; fileRef = D3ECFA4B270A4AE1005B800F /* Main.storyboard */; };
		D3ECFA4F270A4AE3005B800F /* Assets.xcassets in Resources */ = {isa = PBXBuildFile; fileRef = D3ECFA4E270A4AE3005B800F /* Assets.xcassets */; };
		D3ECFA52270A4AE3005B800F /* LaunchScreen.storyboard in Resources */ = {isa = PBXBuildFile; fileRef = D3ECFA50270A4AE3005B800F /* LaunchScreen.storyboard */; };
		D3ECFA5A270A4D69005B800F /* GoogleService-Info.plist in Resources */ = {isa = PBXBuildFile; fileRef = D3ECFA59270A4D69005B800F /* GoogleService-Info.plist */; };
		D3ECFA5E270BCD0C005B800F /* EntrarViewController.swift in Sources */ = {isa = PBXBuildFile; fileRef = D3ECFA5D270BCD0C005B800F /* EntrarViewController.swift */; };
		D3ECFA60270BCD67005B800F /* CadastroViewController.swift in Sources */ = {isa = PBXBuildFile; fileRef = D3ECFA5F270BCD67005B800F /* CadastroViewController.swift */; };
/* End PBXBuildFile section */

/* Begin PBXFileReference section */
		153F4860C582122AC049E1E2 /* Pods_Uber_Clone.framework */ = {isa = PBXFileReference; explicitFileType = wrapper.framework; includeInIndex = 0; path = Pods_Uber_Clone.framework; sourceTree = BUILT_PRODUCTS_DIR; };
		20C314DEDF377B13B460F89C /* Pods-Uber Clone.debug.xcconfig */ = {isa = PBXFileReference; includeInIndex = 1; lastKnownFileType = text.xcconfig; name = "Pods-Uber Clone.debug.xcconfig"; path = "Target Support Files/Pods-Uber Clone/Pods-Uber Clone.debug.xcconfig"; sourceTree = "<group>"; };
		B0ADECE43CFDF7654670EC5B /* Pods-Uber Clone.release.xcconfig */ = {isa = PBXFileReference; includeInIndex = 1; lastKnownFileType = text.xcconfig; name = "Pods-Uber Clone.release.xcconfig"; path = "Target Support Files/Pods-Uber Clone/Pods-Uber Clone.release.xcconfig"; sourceTree = "<group>"; };
		D3ECFA42270A4AE1005B800F /* Uber Clone.app */ = {isa = PBXFileReference; explicitFileType = wrapper.application; includeInIndex = 0; path = "Uber Clone.app"; sourceTree = BUILT_PRODUCTS_DIR; };
		D3ECFA45270A4AE1005B800F /* AppDelegate.swift */ = {isa = PBXFileReference; lastKnownFileType = sourcecode.swift; path = AppDelegate.swift; sourceTree = "<group>"; };
		D3ECFA47270A4AE1005B800F /* SceneDelegate.swift */ = {isa = PBXFileReference; lastKnownFileType = sourcecode.swift; path = SceneDelegate.swift; sourceTree = "<group>"; };
		D3ECFA49270A4AE1005B800F /* ViewController.swift */ = {isa = PBXFileReference; lastKnownFileType = sourcecode.swift; path = ViewController.swift; sourceTree = "<group>"; };
		D3ECFA4C270A4AE1005B800F /* Base */ = {isa = PBXFileReference; lastKnownFileType = file.storyboard; name = Base; path = Base.lproj/Main.storyboard; sourceTree = "<group>"; };
		D3ECFA4E270A4AE3005B800F /* Assets.xcassets */ = {isa = PBXFileReference; lastKnownFileType = folder.assetcatalog; path = Assets.xcassets; sourceTree = "<group>"; };
		D3ECFA51270A4AE3005B800F /* Base */ = {isa = PBXFileReference; lastKnownFileType = file.storyboard; name = Base; path = Base.lproj/LaunchScreen.storyboard; sourceTree = "<group>"; };
		D3ECFA53270A4AE3005B800F /* Info.plist */ = {isa = PBXFileReference; lastKnownFileType = text.plist.xml; path = Info.plist; sourceTree = "<group>"; };
		D3ECFA59270A4D69005B800F /* GoogleService-Info.plist */ = {isa = PBXFileReference; fileEncoding = 4; lastKnownFileType = text.plist.xml; path = "GoogleService-Info.plist"; sourceTree = "<group>"; };
		D3ECFA5D270BCD0C005B800F /* EntrarViewController.swift */ = {isa = PBXFileReference; lastKnownFileType = sourcecode.swift; path = EntrarViewController.swift; sourceTree = "<group>"; };
		D3ECFA5F270BCD67005B800F /* CadastroViewController.swift */ = {isa = PBXFileReference; lastKnownFileType = sourcecode.swift; path = CadastroViewController.swift; sourceTree = "<group>"; };
/* End PBXFileReference section */

/* Begin PBXFrameworksBuildPhase section */
		D3ECFA3F270A4AE1005B800F /* Frameworks */ = {
			isa = PBXFrameworksBuildPhase;
			buildActionMask = 2147483647;
			files = (
				C25FF9EA851A7763AC1D14E2 /* Pods_Uber_Clone.framework in Frameworks */,
			);
			runOnlyForDeploymentPostprocessing = 0;
		};
/* End PBXFrameworksBuildPhase section */

/* Begin PBXGroup section */
		644D2D633B662C1974CEFEFE /* Frameworks */ = {
			isa = PBXGroup;
			children = (
				153F4860C582122AC049E1E2 /* Pods_Uber_Clone.framework */,
			);
			name = Frameworks;
			sourceTree = "<group>";
		};
		71C9BFA699B73876EB6D8166 /* Pods */ = {
			isa = PBXGroup;
			children = (
				20C314DEDF377B13B460F89C /* Pods-Uber Clone.debug.xcconfig */,
				B0ADECE43CFDF7654670EC5B /* Pods-Uber Clone.release.xcconfig */,
			);
			path = Pods;
			sourceTree = "<group>";
		};
		D3ECFA39270A4AE1005B800F = {
			isa = PBXGroup;
			children = (
				D3ECFA44270A4AE1005B800F /* Uber Clone */,
				D3ECFA43270A4AE1005B800F /* Products */,
				71C9BFA699B73876EB6D8166 /* Pods */,
				644D2D633B662C1974CEFEFE /* Frameworks */,
			);
			sourceTree = "<group>";
		};
		D3ECFA43270A4AE1005B800F /* Products */ = {
			isa = PBXGroup;
			children = (
				D3ECFA42270A4AE1005B800F /* Uber Clone.app */,
			);
			name = Products;
			sourceTree = "<group>";
		};
		D3ECFA44270A4AE1005B800F /* Uber Clone */ = {
			isa = PBXGroup;
			children = (
				D3ECFA45270A4AE1005B800F /* AppDelegate.swift */,
				D3ECFA5C270BCBA6005B800F /* Modals */,
				D3ECFA5B270BCB64005B800F /* View Controllers */,
				D3ECFA47270A4AE1005B800F /* SceneDelegate.swift */,
				D3ECFA4B270A4AE1005B800F /* Main.storyboard */,
				D3ECFA4E270A4AE3005B800F /* Assets.xcassets */,
				D3ECFA50270A4AE3005B800F /* LaunchScreen.storyboard */,
				D3ECFA53270A4AE3005B800F /* Info.plist */,
				D3ECFA59270A4D69005B800F /* GoogleService-Info.plist */,
			);
			path = "Uber Clone";
			sourceTree = "<group>";
		};
		D3ECFA5B270BCB64005B800F /* View Controllers */ = {
			isa = PBXGroup;
			children = (
				D3ECFA49270A4AE1005B800F /* ViewController.swift */,
				D3ECFA5D270BCD0C005B800F /* EntrarViewController.swift */,
				D3ECFA5F270BCD67005B800F /* CadastroViewController.swift */,
			);
			path = "View Controllers";
			sourceTree = "<group>";
		};
		D3ECFA5C270BCBA6005B800F /* Modals */ = {
			isa = PBXGroup;
			children = (
			);
			path = Modals;
			sourceTree = "<group>";
		};
/* End PBXGroup section */

/* Begin PBXNativeTarget section */
		D3ECFA41270A4AE1005B800F /* Uber Clone */ = {
			isa = PBXNativeTarget;
			buildConfigurationList = D3ECFA56270A4AE3005B800F /* Build configuration list for PBXNativeTarget "Uber Clone" */;
			buildPhases = (
				A72BC407409A7680742BF1A0 /* [CP] Check Pods Manifest.lock */,
				D3ECFA3E270A4AE1005B800F /* Sources */,
				D3ECFA3F270A4AE1005B800F /* Frameworks */,
				D3ECFA40270A4AE1005B800F /* Resources */,
				B9EB8A4DC673EAA9F41913E2 /* [CP] Embed Pods Frameworks */,
			);
			buildRules = (
			);
			dependencies = (
			);
			name = "Uber Clone";
			productName = "Uber Clone";
			productReference = D3ECFA42270A4AE1005B800F /* Uber Clone.app */;
			productType = "com.apple.product-type.application";
		};
/* End PBXNativeTarget section */

/* Begin PBXProject section */
		D3ECFA3A270A4AE1005B800F /* Project object */ = {
			isa = PBXProject;
			attributes = {
				LastSwiftUpdateCheck = 1250;
				LastUpgradeCheck = 1250;
				TargetAttributes = {
					D3ECFA41270A4AE1005B800F = {
						CreatedOnToolsVersion = 12.5.1;
					};
				};
			};
			buildConfigurationList = D3ECFA3D270A4AE1005B800F /* Build configuration list for PBXProject "Uber Clone" */;
			compatibilityVersion = "Xcode 9.3";
			developmentRegion = en;
			hasScannedForEncodings = 0;
			knownRegions = (
				en,
				Base,
			);
			mainGroup = D3ECFA39270A4AE1005B800F;
			productRefGroup = D3ECFA43270A4AE1005B800F /* Products */;
			projectDirPath = "";
			projectRoot = "";
			targets = (
				D3ECFA41270A4AE1005B800F /* Uber Clone */,
			);
		};
/* End PBXProject section */

/* Begin PBXResourcesBuildPhase section */
		D3ECFA40270A4AE1005B800F /* Resources */ = {
			isa = PBXResourcesBuildPhase;
			buildActionMask = 2147483647;
			files = (
				D3ECFA52270A4AE3005B800F /* LaunchScreen.storyboard in Resources */,
				D3ECFA5A270A4D69005B800F /* GoogleService-Info.plist in Resources */,
				D3ECFA4F270A4AE3005B800F /* Assets.xcassets in Resources */,
				D3ECFA4D270A4AE1005B800F /* Main.storyboard in Resources */,
			);
			runOnlyForDeploymentPostprocessing = 0;
		};
/* End PBXResourcesBuildPhase section */

/* Begin PBXShellScriptBuildPhase section */
		A72BC407409A7680742BF1A0 /* [CP] Check Pods Manifest.lock */ = {
			isa = PBXShellScriptBuildPhase;
			buildActionMask = 2147483647;
			files = (
			);
			inputFileListPaths = (
			);
			inputPaths = (
				"${PODS_PODFILE_DIR_PATH}/Podfile.lock",
				"${PODS_ROOT}/Manifest.lock",
			);
			name = "[CP] Check Pods Manifest.lock";
			outputFileListPaths = (
			);
			outputPaths = (
				"$(DERIVED_FILE_DIR)/Pods-Uber Clone-checkManifestLockResult.txt",
			);
			runOnlyForDeploymentPostprocessing = 0;
			shellPath = /bin/sh;
			shellScript = "diff \"${PODS_PODFILE_DIR_PATH}/Podfile.lock\" \"${PODS_ROOT}/Manifest.lock\" > /dev/null\nif [ $? != 0 ] ; then\n    # print error to STDERR\n    echo \"error: The sandbox is not in sync with the Podfile.lock. Run 'pod install' or update your CocoaPods installation.\" >&2\n    exit 1\nfi\n# This output is used by Xcode 'outputs' to avoid re-running this script phase.\necho \"SUCCESS\" > \"${SCRIPT_OUTPUT_FILE_0}\"\n";
			showEnvVarsInLog = 0;
		};
		B9EB8A4DC673EAA9F41913E2 /* [CP] Embed Pods Frameworks */ = {
			isa = PBXShellScriptBuildPhase;
			buildActionMask = 2147483647;
			files = (
			);
			inputFileListPaths = (
				"${PODS_ROOT}/Target Support Files/Pods-Uber Clone/Pods-Uber Clone-frameworks-${CONFIGURATION}-input-files.xcfilelist",
			);
			name = "[CP] Embed Pods Frameworks";
			outputFileListPaths = (
				"${PODS_ROOT}/Target Support Files/Pods-Uber Clone/Pods-Uber Clone-frameworks-${CONFIGURATION}-output-files.xcfilelist",
			);
			runOnlyForDeploymentPostprocessing = 0;
			shellPath = /bin/sh;
			shellScript = "\"${PODS_ROOT}/Target Support Files/Pods-Uber Clone/Pods-Uber Clone-frameworks.sh\"\n";
			showEnvVarsInLog = 0;
		};
/* End PBXShellScriptBuildPhase section */

/* Begin PBXSourcesBuildPhase section */
		D3ECFA3E270A4AE1005B800F /* Sources */ = {
			isa = PBXSourcesBuildPhase;
			buildActionMask = 2147483647;
			files = (
				D3ECFA5E270BCD0C005B800F /* EntrarViewController.swift in Sources */,
				D3ECFA4A270A4AE1005B800F /* ViewController.swift in Sources */,
				D3ECFA46270A4AE1005B800F /* AppDelegate.swift in Sources */,
				D3ECFA60270BCD67005B800F /* CadastroViewController.swift in Sources */,
				D3ECFA48270A4AE1005B800F /* SceneDelegate.swift in Sources */,
			);
			runOnlyForDeploymentPostprocessing = 0;
		};
/* End PBXSourcesBuildPhase section */

/* Begin PBXVariantGroup section */
		D3ECFA4B270A4AE1005B800F /* Main.storyboard */ = {
			isa = PBXVariantGroup;
			children = (
				D3ECFA4C270A4AE1005B800F /* Base */,
			);
			name = Main.storyboard;
			sourceTree = "<group>";
		};
		D3ECFA50270A4AE3005B800F /* LaunchScreen.storyboard */ = {
			isa = PBXVariantGroup;
			children = (
				D3ECFA51270A4AE3005B800F /* Base */,
			);
			name = LaunchScreen.storyboard;
			sourceTree = "<group>";
		};
/* End PBXVariantGroup section */

/* Begin XCBuildConfiguration section */
		D3ECFA54270A4AE3005B800F /* Debug */ = {
			isa = XCBuildConfiguration;
			buildSettings = {
				ALWAYS_SEARCH_USER_PATHS = NO;
				CLANG_ANALYZER_NONNULL = YES;
				CLANG_ANALYZER_NUMBER_OBJECT_CONVERSION = YES_AGGRESSIVE;
				CLANG_CXX_LANGUAGE_STANDARD = "gnu++14";
				CLANG_CXX_LIBRARY = "libc++";
				CLANG_ENABLE_MODULES = YES;
				CLANG_ENABLE_OBJC_ARC = YES;
				CLANG_ENABLE_OBJC_WEAK = YES;
				CLANG_WARN_BLOCK_CAPTURE_AUTORELEASING = YES;
				CLANG_WARN_BOOL_CONVERSION = YES;
				CLANG_WARN_COMMA = YES;
				CLANG_WARN_CONSTANT_CONVERSION = YES;
				CLANG_WARN_DEPRECATED_OBJC_IMPLEMENTATIONS = YES;
				CLANG_WARN_DIRECT_OBJC_ISA_USAGE = YES_ERROR;
				CLANG_WARN_DOCUMENTATION_COMMENTS = YES;
				CLANG_WARN_EMPTY_BODY = YES;
				CLANG_WARN_ENUM_CONVERSION = YES;
				CLANG_WARN_INFINITE_RECURSION = YES;
				CLANG_WARN_INT_CONVERSION = YES;
				CLANG_WARN_NON_LITERAL_NULL_CONVERSION = YES;
				CLANG_WARN_OBJC_IMPLICIT_RETAIN_SELF = YES;
				CLANG_WARN_OBJC_LITERAL_CONVERSION = YES;
				CLANG_WARN_OBJC_ROOT_CLASS = YES_ERROR;
				CLANG_WARN_QUOTED_INCLUDE_IN_FRAMEWORK_HEADER = YES;
				CLANG_WARN_RANGE_LOOP_ANALYSIS = YES;
				CLANG_WARN_STRICT_PROTOTYPES = YES;
				CLANG_WARN_SUSPICIOUS_MOVE = YES;
				CLANG_WARN_UNGUARDED_AVAILABILITY = YES_AGGRESSIVE;
				CLANG_WARN_UNREACHABLE_CODE = YES;
				CLANG_WARN__DUPLICATE_METHOD_MATCH = YES;
				COPY_PHASE_STRIP = NO;
				DEBUG_INFORMATION_FORMAT = dwarf;
				ENABLE_STRICT_OBJC_MSGSEND = YES;
				ENABLE_TESTABILITY = YES;
				GCC_C_LANGUAGE_STANDARD = gnu11;
				GCC_DYNAMIC_NO_PIC = NO;
				GCC_NO_COMMON_BLOCKS = YES;
				GCC_OPTIMIZATION_LEVEL = 0;
				GCC_PREPROCESSOR_DEFINITIONS = (
					"DEBUG=1",
					"$(inherited)",
				);
				GCC_WARN_64_TO_32_BIT_CONVERSION = YES;
				GCC_WARN_ABOUT_RETURN_TYPE = YES_ERROR;
				GCC_WARN_UNDECLARED_SELECTOR = YES;
				GCC_WARN_UNINITIALIZED_AUTOS = YES_AGGRESSIVE;
				GCC_WARN_UNUSED_FUNCTION = YES;
				GCC_WARN_UNUSED_VARIABLE = YES;
				IPHONEOS_DEPLOYMENT_TARGET = 14.5;
				MTL_ENABLE_DEBUG_INFO = INCLUDE_SOURCE;
				MTL_FAST_MATH = YES;
				ONLY_ACTIVE_ARCH = YES;
				SDKROOT = iphoneos;
				SWIFT_ACTIVE_COMPILATION_CONDITIONS = DEBUG;
				SWIFT_OPTIMIZATION_LEVEL = "-Onone";
			};
			name = Debug;
		};
		D3ECFA55270A4AE3005B800F /* Release */ = {
			isa = XCBuildConfiguration;
			buildSettings = {
				ALWAYS_SEARCH_USER_PATHS = NO;
				CLANG_ANALYZER_NONNULL = YES;
				CLANG_ANALYZER_NUMBER_OBJECT_CONVERSION = YES_AGGRESSIVE;
				CLANG_CXX_LANGUAGE_STANDARD = "gnu++14";
				CLANG_CXX_LIBRARY = "libc++";
				CLANG_ENABLE_MODULES = YES;
				CLANG_ENABLE_OBJC_ARC = YES;
				CLANG_ENABLE_OBJC_WEAK = YES;
				CLANG_WARN_BLOCK_CAPTURE_AUTORELEASING = YES;
				CLANG_WARN_BOOL_CONVERSION = YES;
				CLANG_WARN_COMMA = YES;
				CLANG_WARN_CONSTANT_CONVERSION = YES;
				CLANG_WARN_DEPRECATED_OBJC_IMPLEMENTATIONS = YES;
				CLANG_WARN_DIRECT_OBJC_ISA_USAGE = YES_ERROR;
				CLANG_WARN_DOCUMENTATION_COMMENTS = YES;
				CLANG_WARN_EMPTY_BODY = YES;
				CLANG_WARN_ENUM_CONVERSION = YES;
				CLANG_WARN_INFINITE_RECURSION = YES;
				CLANG_WARN_INT_CONVERSION = YES;
				CLANG_WARN_NON_LITERAL_NULL_CONVERSION = YES;
				CLANG_WARN_OBJC_IMPLICIT_RETAIN_SELF = YES;
				CLANG_WARN_OBJC_LITERAL_CONVERSION = YES;
				CLANG_WARN_OBJC_ROOT_CLASS = YES_ERROR;
				CLANG_WARN_QUOTED_INCLUDE_IN_FRAMEWORK_HEADER = YES;
				CLANG_WARN_RANGE_LOOP_ANALYSIS = YES;
				CLANG_WARN_STRICT_PROTOTYPES = YES;
				CLANG_WARN_SUSPICIOUS_MOVE = YES;
				CLANG_WARN_UNGUARDED_AVAILABILITY = YES_AGGRESSIVE;
				CLANG_WARN_UNREACHABLE_CODE = YES;
				CLANG_WARN__DUPLICATE_METHOD_MATCH = YES;
				COPY_PHASE_STRIP = NO;
				DEBUG_INFORMATION_FORMAT = "dwarf-with-dsym";
				ENABLE_NS_ASSERTIONS = NO;
				ENABLE_STRICT_OBJC_MSGSEND = YES;
				GCC_C_LANGUAGE_STANDARD = gnu11;
				GCC_NO_COMMON_BLOCKS = YES;
				GCC_WARN_64_TO_32_BIT_CONVERSION = YES;
				GCC_WARN_ABOUT_RETURN_TYPE = YES_ERROR;
				GCC_WARN_UNDECLARED_SELECTOR = YES;
				GCC_WARN_UNINITIALIZED_AUTOS = YES_AGGRESSIVE;
				GCC_WARN_UNUSED_FUNCTION = YES;
				GCC_WARN_UNUSED_VARIABLE = YES;
				IPHONEOS_DEPLOYMENT_TARGET = 14.5;
				MTL_ENABLE_DEBUG_INFO = NO;
				MTL_FAST_MATH = YES;
				SDKROOT = iphoneos;
				SWIFT_COMPILATION_MODE = wholemodule;
				SWIFT_OPTIMIZATION_LEVEL = "-O";
				VALIDATE_PRODUCT = YES;
			};
			name = Release;
		};
		D3ECFA57270A4AE3005B800F /* Debug */ = {
			isa = XCBuildConfiguration;
			baseConfigurationReference = 20C314DEDF377B13B460F89C /* Pods-Uber Clone.debug.xcconfig */;
			buildSettings = {
				ASSETCATALOG_COMPILER_APPICON_NAME = AppIcon;
				ASSETCATALOG_COMPILER_GLOBAL_ACCENT_COLOR_NAME = AccentColor;
				CODE_SIGN_STYLE = Automatic;
				DEVELOPMENT_TEAM = LWABM5NUJY;
				INFOPLIST_FILE = "Uber Clone/Info.plist";
				LD_RUNPATH_SEARCH_PATHS = (
					"$(inherited)",
					"@executable_path/Frameworks",
				);
				PRODUCT_BUNDLE_IDENTIFIER = "br.com.lincesapp.Uber-Clone";
				PRODUCT_NAME = "$(TARGET_NAME)";
				SWIFT_VERSION = 5.0;
				TARGETED_DEVICE_FAMILY = "1,2";
			};
			name = Debug;
		};
		D3ECFA58270A4AE3005B800F /* Release */ = {
			isa = XCBuildConfiguration;
			baseConfigurationReference = B0ADECE43CFDF7654670EC5B /* Pods-Uber Clone.release.xcconfig */;
			buildSettings = {
				ASSETCATALOG_COMPILER_APPICON_NAME = AppIcon;
				ASSETCATALOG_COMPILER_GLOBAL_ACCENT_COLOR_NAME = AccentColor;
				CODE_SIGN_STYLE = Automatic;
				DEVELOPMENT_TEAM = LWABM5NUJY;
				INFOPLIST_FILE = "Uber Clone/Info.plist";
				LD_RUNPATH_SEARCH_PATHS = (
					"$(inherited)",
					"@executable_path/Frameworks",
				);
				PRODUCT_BUNDLE_IDENTIFIER = "br.com.lincesapp.Uber-Clone";
				PRODUCT_NAME = "$(TARGET_NAME)";
				SWIFT_VERSION = 5.0;
				TARGETED_DEVICE_FAMILY = "1,2";
			};
			name = Release;
		};
/* End XCBuildConfiguration section */

/* Begin XCConfigurationList section */
		D3ECFA3D270A4AE1005B800F /* Build configuration list for PBXProject "Uber Clone" */ = {
			isa = XCConfigurationList;
			buildConfigurations = (
				D3ECFA54270A4AE3005B800F /* Debug */,
				D3ECFA55270A4AE3005B800F /* Release */,
			);
			defaultConfigurationIsVisible = 0;
			defaultConfigurationName = Release;
		};
		D3ECFA56270A4AE3005B800F /* Build configuration list for PBXNativeTarget "Uber Clone" */ = {
			isa = XCConfigurationList;
			buildConfigurations = (
				D3ECFA57270A4AE3005B800F /* Debug */,
				D3ECFA58270A4AE3005B800F /* Release */,
			);
			defaultConfigurationIsVisible = 0;
			defaultConfigurationName = Release;
		};
/* End XCConfigurationList section */
	};
	rootObject = D3ECFA3A270A4AE1005B800F /* Project object */;
}
